
Microsoft Visual Studio Solution File, Format Version 12.00
# Visual Studio Version 17
VisualStudioVersion = 17.13.35605.110 d17.13
MinimumVisualStudioVersion = 10.0.40219.1
Project("{FAE04EC0-301F-11D3-BF4B-00C04F79EFBC}") = "MetaQuestTrayManager", "MetaQuestTrayManager\MetaQuestTrayManager.csproj", "{BA7A29FC-3001-406B-8353-E04334A4BA42}"
EndProject
Global
	GlobalSection(SolutionConfigurationPlatforms) = preSolution
		Debug|Any CPU = Debug|Any CPU
		Release|Any CPU = Release|Any CPU
	EndGlobalSection
	GlobalSection(ProjectConfigurationPlatforms) = postSolution
		{BA7A29FC-3001-406B-8353-E04334A4BA42}.Debug|Any CPU.ActiveCfg = Debug|Any CPU
		{BA7A29FC-3001-406B-8353-E04334A4BA42}.Debug|Any CPU.Build.0 = Debug|Any CPU
		{BA7A29FC-3001-406B-8353-E04334A4BA42}.Release|Any CPU.ActiveCfg = Release|Any CPU
		{BA7A29FC-3001-406B-8353-E04334A4BA42}.Release|Any CPU.Build.0 = Release|Any CPU
	EndGlobalSection
	GlobalSection(SolutionProperties) = preSolution
		HideSolutionNode = FALSE
	EndGlobalSection
	GlobalSection(ExtensibilityGlobals) = postSolution
		SolutionGuid = {3C8F924C-A048-496C-851C-D2FB14A35C67}
	EndGlobalSection
EndGlobal
